
Microsoft Visual Studio Solution File, Format Version 12.00
# Visual Studio 15
VisualStudioVersion = 15.0.28010.2046
MinimumVisualStudioVersion = 10.0.40219.1
Project("{2150E333-8FDC-42A3-9474-1A3956D46DE8}") = "1 - Presentation", "1 - Presentation", "{DFA371A4-CC64-42FC-986C-7AC10BD2D44E}"
EndProject
Project("{2150E333-8FDC-42A3-9474-1A3956D46DE8}") = "2 - Services", "2 - Services", "{0916A390-FB1C-4FBE-8B02-5CFE91D1B6EB}"
EndProject
Project("{2150E333-8FDC-42A3-9474-1A3956D46DE8}") = "3 - Application", "3 - Application", "{9E62740A-4D13-4746-8B31-32E88AE199A6}"
EndProject
Project("{2150E333-8FDC-42A3-9474-1A3956D46DE8}") = "4 - Domain", "4 - Domain", "{2B3F49AB-DAC5-4C55-8B09-17BD435897AB}"
EndProject
Project("{2150E333-8FDC-42A3-9474-1A3956D46DE8}") = "5 - Infra", "5 - Infra", "{0F6121E9-29AD-4FC5-AF52-B33733D5DEC5}"
EndProject
Project("{2150E333-8FDC-42A3-9474-1A3956D46DE8}") = "5.1 - Data", "5.1 - Data", "{427F9BF7-179C-4C28-9D7C-4B827AD66859}"
EndProject
Project("{2150E333-8FDC-42A3-9474-1A3956D46DE8}") = "5.2 - CrossCutting", "5.2 - CrossCutting", "{E3C7DACC-5230-4818-B44E-CB012197223E}"
EndProject
Project("{2150E333-8FDC-42A3-9474-1A3956D46DE8}") = "6 - Testes", "6 - Testes", "{30ACBE90-EB1D-4A6F-A291-0713A83E131C}"
EndProject
Project("{FAE04EC0-301F-11D3-BF4B-00C04F79EFBC}") = "EP.CursoMvc.Domain", "src\EP.CursoMvc.Domain\EP.CursoMvc.Domain.csproj", "{A9BB1EF1-F7D2-4696-B6C1-0A230BEE184E}"
EndProject
Project("{FAE04EC0-301F-11D3-BF4B-00C04F79EFBC}") = "EP.CursoMvc.Infra.Data", "src\EP.CursoMvc.Infra.Data\EP.CursoMvc.Infra.Data.csproj", "{D392D211-97C2-4741-941D-8DD22EB70E0E}"
EndProject
Project("{FAE04EC0-301F-11D3-BF4B-00C04F79EFBC}") = "EP.CursoMvc.Application", "src\EP.CursoMvc.Application\EP.CursoMvc.Application.csproj", "{8A02697A-E1F7-4267-AAEB-376EF6298EAA}"
EndProject
Project("{FAE04EC0-301F-11D3-BF4B-00C04F79EFBC}") = "EP.CursoMvc.UI.Site", "src\EP.CursoMvc.UI.Site\EP.CursoMvc.UI.Site.csproj", "{61564747-58C2-4B84-A748-6EC436258370}"
EndProject
Project("{FAE04EC0-301F-11D3-BF4B-00C04F79EFBC}") = "EP.CursoMvc.Infra.CrossCutting.Filters", "src\EP.CursoMvc.Infra.CrossCutting.Filters\EP.CursoMvc.Infra.CrossCutting.Filters.csproj", "{8320174F-D565-4BC6-8ABD-BAED3A25C24F}"
EndProject
Project("{FAE04EC0-301F-11D3-BF4B-00C04F79EFBC}") = "EP.CursoMvc.Infra.CrossCutting.IoC", "src\EP.CursoMvc.Infra.CrossCutting.IoC\EP.CursoMvc.Infra.CrossCutting.IoC.csproj", "{F517C0C3-4E63-4655-A75A-EE592AAFA4C5}"
EndProject
Project("{FAE04EC0-301F-11D3-BF4B-00C04F79EFBC}") = "EP.CursoMvc.REST.ClienteAPI", "src\EP.CursoMvc.REST.ClienteAPI\EP.CursoMvc.REST.ClienteAPI.csproj", "{91CE3E51-7C13-4B57-B17E-2CE1BE53F39E}"
EndProject
Project("{FAE04EC0-301F-11D3-BF4B-00C04F79EFBC}") = "EP.CursoMvc.Domain.Tests", "tests\EP.CursoMvc.Domain.Tests\EP.CursoMvc.Domain.Tests.csproj", "{B3A1F6DA-E5F5-4B11-8E56-4CDE438C19E9}"
EndProject
Global
	GlobalSection(SolutionConfigurationPlatforms) = preSolution
		Debug|Any CPU = Debug|Any CPU
		Release|Any CPU = Release|Any CPU
	EndGlobalSection
	GlobalSection(ProjectConfigurationPlatforms) = postSolution
		{A9BB1EF1-F7D2-4696-B6C1-0A230BEE184E}.Debug|Any CPU.ActiveCfg = Debug|Any CPU
		{A9BB1EF1-F7D2-4696-B6C1-0A230BEE184E}.Debug|Any CPU.Build.0 = Debug|Any CPU
		{A9BB1EF1-F7D2-4696-B6C1-0A230BEE184E}.Release|Any CPU.ActiveCfg = Release|Any CPU
		{A9BB1EF1-F7D2-4696-B6C1-0A230BEE184E}.Release|Any CPU.Build.0 = Release|Any CPU
		{D392D211-97C2-4741-941D-8DD22EB70E0E}.Debug|Any CPU.ActiveCfg = Debug|Any CPU
		{D392D211-97C2-4741-941D-8DD22EB70E0E}.Debug|Any CPU.Build.0 = Debug|Any CPU
		{D392D211-97C2-4741-941D-8DD22EB70E0E}.Release|Any CPU.ActiveCfg = Release|Any CPU
		{D392D211-97C2-4741-941D-8DD22EB70E0E}.Release|Any CPU.Build.0 = Release|Any CPU
		{8A02697A-E1F7-4267-AAEB-376EF6298EAA}.Debug|Any CPU.ActiveCfg = Debug|Any CPU
		{8A02697A-E1F7-4267-AAEB-376EF6298EAA}.Debug|Any CPU.Build.0 = Debug|Any CPU
		{8A02697A-E1F7-4267-AAEB-376EF6298EAA}.Release|Any CPU.ActiveCfg = Release|Any CPU
		{8A02697A-E1F7-4267-AAEB-376EF6298EAA}.Release|Any CPU.Build.0 = Release|Any CPU
		{61564747-58C2-4B84-A748-6EC436258370}.Debug|Any CPU.ActiveCfg = Debug|Any CPU
		{61564747-58C2-4B84-A748-6EC436258370}.Debug|Any CPU.Build.0 = Debug|Any CPU
		{61564747-58C2-4B84-A748-6EC436258370}.Release|Any CPU.ActiveCfg = Release|Any CPU
		{61564747-58C2-4B84-A748-6EC436258370}.Release|Any CPU.Build.0 = Release|Any CPU
		{8320174F-D565-4BC6-8ABD-BAED3A25C24F}.Debug|Any CPU.ActiveCfg = Debug|Any CPU
		{8320174F-D565-4BC6-8ABD-BAED3A25C24F}.Debug|Any CPU.Build.0 = Debug|Any CPU
		{8320174F-D565-4BC6-8ABD-BAED3A25C24F}.Release|Any CPU.ActiveCfg = Release|Any CPU
		{8320174F-D565-4BC6-8ABD-BAED3A25C24F}.Release|Any CPU.Build.0 = Release|Any CPU
		{F517C0C3-4E63-4655-A75A-EE592AAFA4C5}.Debug|Any CPU.ActiveCfg = Debug|Any CPU
		{F517C0C3-4E63-4655-A75A-EE592AAFA4C5}.Debug|Any CPU.Build.0 = Debug|Any CPU
		{F517C0C3-4E63-4655-A75A-EE592AAFA4C5}.Release|Any CPU.ActiveCfg = Release|Any CPU
		{F517C0C3-4E63-4655-A75A-EE592AAFA4C5}.Release|Any CPU.Build.0 = Release|Any CPU
		{91CE3E51-7C13-4B57-B17E-2CE1BE53F39E}.Debug|Any CPU.ActiveCfg = Debug|Any CPU
		{91CE3E51-7C13-4B57-B17E-2CE1BE53F39E}.Debug|Any CPU.Build.0 = Debug|Any CPU
		{91CE3E51-7C13-4B57-B17E-2CE1BE53F39E}.Release|Any CPU.ActiveCfg = Release|Any CPU
		{91CE3E51-7C13-4B57-B17E-2CE1BE53F39E}.Release|Any CPU.Build.0 = Release|Any CPU
		{B3A1F6DA-E5F5-4B11-8E56-4CDE438C19E9}.Debug|Any CPU.ActiveCfg = Debug|Any CPU
		{B3A1F6DA-E5F5-4B11-8E56-4CDE438C19E9}.Debug|Any CPU.Build.0 = Debug|Any CPU
		{B3A1F6DA-E5F5-4B11-8E56-4CDE438C19E9}.Release|Any CPU.ActiveCfg = Release|Any CPU
		{B3A1F6DA-E5F5-4B11-8E56-4CDE438C19E9}.Release|Any CPU.Build.0 = Release|Any CPU
	EndGlobalSection
	GlobalSection(SolutionProperties) = preSolution
		HideSolutionNode = FALSE
	EndGlobalSection
	GlobalSection(NestedProjects) = preSolution
		{427F9BF7-179C-4C28-9D7C-4B827AD66859} = {0F6121E9-29AD-4FC5-AF52-B33733D5DEC5}
		{E3C7DACC-5230-4818-B44E-CB012197223E} = {0F6121E9-29AD-4FC5-AF52-B33733D5DEC5}
		{A9BB1EF1-F7D2-4696-B6C1-0A230BEE184E} = {2B3F49AB-DAC5-4C55-8B09-17BD435897AB}
		{D392D211-97C2-4741-941D-8DD22EB70E0E} = {427F9BF7-179C-4C28-9D7C-4B827AD66859}
		{8A02697A-E1F7-4267-AAEB-376EF6298EAA} = {9E62740A-4D13-4746-8B31-32E88AE199A6}
		{61564747-58C2-4B84-A748-6EC436258370} = {DFA371A4-CC64-42FC-986C-7AC10BD2D44E}
		{8320174F-D565-4BC6-8ABD-BAED3A25C24F} = {E3C7DACC-5230-4818-B44E-CB012197223E}
		{F517C0C3-4E63-4655-A75A-EE592AAFA4C5} = {E3C7DACC-5230-4818-B44E-CB012197223E}
		{91CE3E51-7C13-4B57-B17E-2CE1BE53F39E} = {0916A390-FB1C-4FBE-8B02-5CFE91D1B6EB}
		{B3A1F6DA-E5F5-4B11-8E56-4CDE438C19E9} = {30ACBE90-EB1D-4A6F-A291-0713A83E131C}
	EndGlobalSection
	GlobalSection(ExtensibilityGlobals) = postSolution
		SolutionGuid = {57BD0257-096E-494E-9DD7-B7BA76869245}
	EndGlobalSection
EndGlobal
